
Microsoft Visual Studio Solution File, Format Version 12.00
# Visual Studio Version 17
VisualStudioVersion = 17.14.37012.4 d17.14
MinimumVisualStudioVersion = 10.0.40219.1
Project("{FAE04EC0-301F-11D3-BF4B-00C04F79EFBC}") = "AerospacePartsTracker2", "AerospacePartsTracker2\AerospacePartsTracker2.csproj", "{3363B9EC-6D28-4C91-8C3B-C012643AF068}"
EndProject
Global
	GlobalSection(SolutionConfigurationPlatforms) = preSolution
		Debug|Any CPU = Debug|Any CPU
		Release|Any CPU = Release|Any CPU
	EndGlobalSection
	GlobalSection(ProjectConfigurationPlatforms) = postSolution
		{3363B9EC-6D28-4C91-8C3B-C012643AF068}.Debug|Any CPU.ActiveCfg = Debug|Any CPU
		{3363B9EC-6D28-4C91-8C3B-C012643AF068}.Debug|Any CPU.Build.0 = Debug|Any CPU
		{3363B9EC-6D28-4C91-8C3B-C012643AF068}.Release|Any CPU.ActiveCfg = Release|Any CPU
		{3363B9EC-6D28-4C91-8C3B-C012643AF068}.Release|Any CPU.Build.0 = Release|Any CPU
	EndGlobalSection
	GlobalSection(SolutionProperties) = preSolution
		HideSolutionNode = FALSE
	EndGlobalSection
	GlobalSection(ExtensibilityGlobals) = postSolution
		SolutionGuid = {88F99DB6-DD7B-4E07-A76E-809D15F0CC2A}
	EndGlobalSection
EndGlobal
